// !$*UTF8*$!
{
	archiveVersion = 1;
	classes = {
	};
	objectVersion = 77;
	objects = {

/* Begin PBXContainerItemProxy section */
		D589F1DC2DBEDB8000FF5162 /* PBXContainerItemProxy */ = {
			isa = PBXContainerItemProxy;
			containerPortal = D589F1C62DBEDB7C00FF5162 /* Project object */;
			proxyType = 1;
			remoteGlobalIDString = D589F1CD2DBEDB7C00FF5162;
			remoteInfo = Lesson14Output;
		};
		D589F1E62DBEDB8000FF5162 /* PBXContainerItemProxy */ = {
			isa = PBXContainerItemProxy;
			containerPortal = D589F1C62DBEDB7C00FF5162 /* Project object */;
			proxyType = 1;
			remoteGlobalIDString = D589F1CD2DBEDB7C00FF5162;
			remoteInfo = Lesson14Output;
		};
/* End PBXContainerItemProxy section */

/* Begin PBXFileReference section */
		D589F1CE2DBEDB7C00FF5162 /* Lesson14Output.app */ = {isa = PBXFileReference; explicitFileType = wrapper.application; includeInIndex = 0; path = Lesson14Output.app; sourceTree = BUILT_PRODUCTS_DIR; };
		D589F1DB2DBEDB8000FF5162 /* Lesson14OutputTests.xctest */ = {isa = PBXFileReference; explicitFileType = wrapper.cfbundle; includeInIndex = 0; path = Lesson14OutputTests.xctest; sourceTree = BUILT_PRODUCTS_DIR; };
		D589F1E52DBEDB8000FF5162 /* Lesson14OutputUITests.xctest */ = {isa = PBXFileReference; explicitFileType = wrapper.cfbundle; includeInIndex = 0; path = Lesson14OutputUITests.xctest; sourceTree = BUILT_PRODUCTS_DIR; };
/* End PBXFileReference section */

/* Begin PBXFileSystemSynchronizedRootGroup section */
		D589F1D02DBEDB7C00FF5162 /* Lesson14Output */ = {
			isa = PBXFileSystemSynchronizedRootGroup;
			path = Lesson14Output;
			sourceTree = "<group>";
		};
		D589F1DE2DBEDB8000FF5162 /* Lesson14OutputTests */ = {
			isa = PBXFileSystemSynchronizedRootGroup;
			path = Lesson14OutputTests;
			sourceTree = "<group>";
		};
		D589F1E82DBEDB8000FF5162 /* Lesson14OutputUITests */ = {
			isa = PBXFileSystemSynchronizedRootGroup;
			path = Lesson14OutputUITests;
			sourceTree = "<group>";
		};
/* End PBXFileSystemSynchronizedRootGroup section */

/* Begin PBXFrameworksBuildPhase section */
		D589F1CB2DBEDB7C00FF5162 /* Frameworks */ = {
			isa = PBXFrameworksBuildPhase;
			buildActionMask = 2147483647;
			files = (
			);
			runOnlyForDeploymentPostprocessing = 0;
		};
		D589F1D82DBEDB8000FF5162 /* Frameworks */ = {
			isa = PBXFrameworksBuildPhase;
			buildActionMask = 2147483647;
			files = (
			);
			runOnlyForDeploymentPostprocessing = 0;
		};
		D589F1E22DBEDB8000FF5162 /* Frameworks */ = {
			isa = PBXFrameworksBuildPhase;
			buildActionMask = 2147483647;
			files = (
			);
			runOnlyForDeploymentPostprocessing = 0;
		};
/* End PBXFrameworksBuildPhase section */

/* Begin PBXGroup section */
		D589F1C52DBEDB7C00FF5162 = {
			isa = PBXGroup;
			children = (
				D589F1D02DBEDB7C00FF5162 /* Lesson14Output */,
				D589F1DE2DBEDB8000FF5162 /* Lesson14OutputTests */,
				D589F1E82DBEDB8000FF5162 /* Lesson14OutputUITests */,
				D589F1CF2DBEDB7C00FF5162 /* Products */,
			);
			sourceTree = "<group>";
		};
		D589F1CF2DBEDB7C00FF5162 /* Products */ = {
			isa = PBXGroup;
			children = (
				D589F1CE2DBEDB7C00FF5162 /* Lesson14Output.app */,
				D589F1DB2DBEDB8000FF5162 /* Lesson14OutputTests.xctest */,
				D589F1E52DBEDB8000FF5162 /* Lesson14OutputUITests.xctest */,
			);
			name = Products;
			sourceTree = "<group>";
		};
/* End PBXGroup section */

/* Begin PBXNativeTarget section */
		D589F1CD2DBEDB7C00FF5162 /* Lesson14Output */ = {
			isa = PBXNativeTarget;
			buildConfigurationList = D589F1EF2DBEDB8000FF5162 /* Build configuration list for PBXNativeTarget "Lesson14Output" */;
			buildPhases = (
				D589F1CA2DBEDB7C00FF5162 /* Sources */,
				D589F1CB2DBEDB7C00FF5162 /* Frameworks */,
				D589F1CC2DBEDB7C00FF5162 /* Resources */,
			);
			buildRules = (
			);
			dependencies = (
			);
			fileSystemSynchronizedGroups = (
				D589F1D02DBEDB7C00FF5162 /* Lesson14Output */,
			);
			name = Lesson14Output;
			packageProductDependencies = (
			);
			productName = Lesson14Output;
			productReference = D589F1CE2DBEDB7C00FF5162 /* Lesson14Output.app */;
			productType = "com.apple.product-type.application";
		};
		D589F1DA2DBEDB8000FF5162 /* Lesson14OutputTests */ = {
			isa = PBXNativeTarget;
			buildConfigurationList = D589F1F22DBEDB8000FF5162 /* Build configuration list for PBXNativeTarget "Lesson14OutputTests" */;
			buildPhases = (
				D589F1D72DBEDB8000FF5162 /* Sources */,
				D589F1D82DBEDB8000FF5162 /* Frameworks */,
				D589F1D92DBEDB8000FF5162 /* Resources */,
			);
			buildRules = (
			);
			dependencies = (
				D589F1DD2DBEDB8000FF5162 /* PBXTargetDependency */,
			);
			fileSystemSynchronizedGroups = (
				D589F1DE2DBEDB8000FF5162 /* Lesson14OutputTests */,
			);
			name = Lesson14OutputTests;
			packageProductDependencies = (
			);
			productName = Lesson14OutputTests;
			productReference = D589F1DB2DBEDB8000FF5162 /* Lesson14OutputTests.xctest */;
			productType = "com.apple.product-type.bundle.unit-test";
		};
		D589F1E42DBEDB8000FF5162 /* Lesson14OutputUITests */ = {
			isa = PBXNativeTarget;
			buildConfigurationList = D589F1F52DBEDB8000FF5162 /* Build configuration list for PBXNativeTarget "Lesson14OutputUITests" */;
			buildPhases = (
				D589F1E12DBEDB8000FF5162 /* Sources */,
				D589F1E22DBEDB8000FF5162 /* Frameworks */,
				D589F1E32DBEDB8000FF5162 /* Resources */,
			);
			buildRules = (
			);
			dependencies = (
				D589F1E72DBEDB8000FF5162 /* PBXTargetDependency */,
			);
			fileSystemSynchronizedGroups = (
				D589F1E82DBEDB8000FF5162 /* Lesson14OutputUITests */,
			);
			name = Lesson14OutputUITests;
			packageProductDependencies = (
			);
			productName = Lesson14OutputUITests;
			productReference = D589F1E52DBEDB8000FF5162 /* Lesson14OutputUITests.xctest */;
			productType = "com.apple.product-type.bundle.ui-testing";
		};
/* End PBXNativeTarget section */

/* Begin PBXProject section */
		D589F1C62DBEDB7C00FF5162 /* Project object */ = {
			isa = PBXProject;
			attributes = {
				BuildIndependentTargetsInParallel = 1;
				LastSwiftUpdateCheck = 1630;
				LastUpgradeCheck = 1630;
				TargetAttributes = {
					D589F1CD2DBEDB7C00FF5162 = {
						CreatedOnToolsVersion = 16.3;
					};
					D589F1DA2DBEDB8000FF5162 = {
						CreatedOnToolsVersion = 16.3;
						TestTargetID = D589F1CD2DBEDB7C00FF5162;
					};
					D589F1E42DBEDB8000FF5162 = {
						CreatedOnToolsVersion = 16.3;
						TestTargetID = D589F1CD2DBEDB7C00FF5162;
					};
				};
			};
			buildConfigurationList = D589F1C92DBEDB7C00FF5162 /* Build configuration list for PBXProject "Lesson14Output" */;
			developmentRegion = en;
			hasScannedForEncodings = 0;
			knownRegions = (
				en,
				Base,
			);
			mainGroup = D589F1C52DBEDB7C00FF5162;
			minimizedProjectReferenceProxies = 1;
			preferredProjectObjectVersion = 77;
			productRefGroup = D589F1CF2DBEDB7C00FF5162 /* Products */;
			projectDirPath = "";
			projectRoot = "";
			targets = (
				D589F1CD2DBEDB7C00FF5162 /* Lesson14Output */,
				D589F1DA2DBEDB8000FF5162 /* Lesson14OutputTests */,
				D589F1E42DBEDB8000FF5162 /* Lesson14OutputUITests */,
			);
		};
/* End PBXProject section */

/* Begin PBXResourcesBuildPhase section */
		D589F1CC2DBEDB7C00FF5162 /* Resources */ = {
			isa = PBXResourcesBuildPhase;
			buildActionMask = 2147483647;
			files = (
			);
			runOnlyForDeploymentPostprocessing = 0;
		};
		D589F1D92DBEDB8000FF5162 /* Resources */ = {
			isa = PBXResourcesBuildPhase;
			buildActionMask = 2147483647;
			files = (
			);
			runOnlyForDeploymentPostprocessing = 0;
		};
		D589F1E32DBEDB8000FF5162 /* Resources */ = {
			isa = PBXResourcesBuildPhase;
			buildActionMask = 2147483647;
			files = (
			);
			runOnlyForDeploymentPostprocessing = 0;
		};
/* End PBXResourcesBuildPhase section */

/* Begin PBXSourcesBuildPhase section */
		D589F1CA2DBEDB7C00FF5162 /* Sources */ = {
			isa = PBXSourcesBuildPhase;
			buildActionMask = 2147483647;
			files = (
			);
			runOnlyForDeploymentPostprocessing = 0;
		};
		D589F1D72DBEDB8000FF5162 /* Sources */ = {
			isa = PBXSourcesBuildPhase;
			buildActionMask = 2147483647;
			files = (
			);
			runOnlyForDeploymentPostprocessing = 0;
		};
		D589F1E12DBEDB8000FF5162 /* Sources */ = {
			isa = PBXSourcesBuildPhase;
			buildActionMask = 2147483647;
			files = (
			);
			runOnlyForDeploymentPostprocessing = 0;
		};
/* End PBXSourcesBuildPhase section */

/* Begin PBXTargetDependency section */
		D589F1DD2DBEDB8000FF5162 /* PBXTargetDependency */ = {
			isa = PBXTargetDependency;
			target = D589F1CD2DBEDB7C00FF5162 /* Lesson14Output */;
			targetProxy = D589F1DC2DBEDB8000FF5162 /* PBXContainerItemProxy */;
		};
		D589F1E72DBEDB8000FF5162 /* PBXTargetDependency */ = {
			isa = PBXTargetDependency;
			target = D589F1CD2DBEDB7C00FF5162 /* Lesson14Output */;
			targetProxy = D589F1E62DBEDB8000FF5162 /* PBXContainerItemProxy */;
		};
/* End PBXTargetDependency section */

/* Begin XCBuildConfiguration section */
		D589F1ED2DBEDB8000FF5162 /* Debug */ = {
			isa = XCBuildConfiguration;
			buildSettings = {
				ALWAYS_SEARCH_USER_PATHS = NO;
				ASSETCATALOG_COMPILER_GENERATE_SWIFT_ASSET_SYMBOL_EXTENSIONS = YES;
				CLANG_ANALYZER_NONNULL = YES;
				CLANG_ANALYZER_NUMBER_OBJECT_CONVERSION = YES_AGGRESSIVE;
				CLANG_CXX_LANGUAGE_STANDARD = "gnu++20";
				CLANG_ENABLE_MODULES = YES;
				CLANG_ENABLE_OBJC_ARC = YES;
				CLANG_ENABLE_OBJC_WEAK = YES;
				CLANG_WARN_BLOCK_CAPTURE_AUTORELEASING = YES;
				CLANG_WARN_BOOL_CONVERSION = YES;
				CLANG_WARN_COMMA = YES;
				CLANG_WARN_CONSTANT_CONVERSION = YES;
				CLANG_WARN_DEPRECATED_OBJC_IMPLEMENTATIONS = YES;
				CLANG_WARN_DIRECT_OBJC_ISA_USAGE = YES_ERROR;
				CLANG_WARN_DOCUMENTATION_COMMENTS = YES;
				CLANG_WARN_EMPTY_BODY = YES;
				CLANG_WARN_ENUM_CONVERSION = YES;
				CLANG_WARN_INFINITE_RECURSION = YES;
				CLANG_WARN_INT_CONVERSION = YES;
				CLANG_WARN_NON_LITERAL_NULL_CONVERSION = YES;
				CLANG_WARN_OBJC_IMPLICIT_RETAIN_SELF = YES;
				CLANG_WARN_OBJC_LITERAL_CONVERSION = YES;
				CLANG_WARN_OBJC_ROOT_CLASS = YES_ERROR;
				CLANG_WARN_QUOTED_INCLUDE_IN_FRAMEWORK_HEADER = YES;
				CLANG_WARN_RANGE_LOOP_ANALYSIS = YES;
				CLANG_WARN_STRICT_PROTOTYPES = YES;
				CLANG_WARN_SUSPICIOUS_MOVE = YES;
				CLANG_WARN_UNGUARDED_AVAILABILITY = YES_AGGRESSIVE;
				CLANG_WARN_UNREACHABLE_CODE = YES;
				CLANG_WARN__DUPLICATE_METHOD_MATCH = YES;
				COPY_PHASE_STRIP = NO;
				DEBUG_INFORMATION_FORMAT = dwarf;
				ENABLE_STRICT_OBJC_MSGSEND = YES;
				ENABLE_TESTABILITY = YES;
				ENABLE_USER_SCRIPT_SANDBOXING = YES;
				GCC_C_LANGUAGE_STANDARD = gnu17;
				GCC_DYNAMIC_NO_PIC = NO;
				GCC_NO_COMMON_BLOCKS = YES;
				GCC_OPTIMIZATION_LEVEL = 0;
				GCC_PREPROCESSOR_DEFINITIONS = (
					"DEBUG=1",
					"$(inherited)",
				);
				GCC_WARN_64_TO_32_BIT_CONVERSION = YES;
				GCC_WARN_ABOUT_RETURN_TYPE = YES_ERROR;
				GCC_WARN_UNDECLARED_SELECTOR = YES;
				GCC_WARN_UNINITIALIZED_AUTOS = YES_AGGRESSIVE;
				GCC_WARN_UNUSED_FUNCTION = YES;
				GCC_WARN_UNUSED_VARIABLE = YES;
				IPHONEOS_DEPLOYMENT_TARGET = 18.4;
				LOCALIZATION_PREFERS_STRING_CATALOGS = YES;
				MTL_ENABLE_DEBUG_INFO = INCLUDE_SOURCE;
				MTL_FAST_MATH = YES;
				ONLY_ACTIVE_ARCH = YES;
				SDKROOT = iphoneos;
				SWIFT_ACTIVE_COMPILATION_CONDITIONS = "DEBUG $(inherited)";
				SWIFT_OPTIMIZATION_LEVEL = "-Onone";
			};
			name = Debug;
		};
		D589F1EE2DBEDB8000FF5162 /* Release */ = {
			isa = XCBuildConfiguration;
			buildSettings = {
				ALWAYS_SEARCH_USER_PATHS = NO;
				ASSETCATALOG_COMPILER_GENERATE_SWIFT_ASSET_SYMBOL_EXTENSIONS = YES;
				CLANG_ANALYZER_NONNULL = YES;
				CLANG_ANALYZER_NUMBER_OBJECT_CONVERSION = YES_AGGRESSIVE;
				CLANG_CXX_LANGUAGE_STANDARD = "gnu++20";
				CLANG_ENABLE_MODULES = YES;
				CLANG_ENABLE_OBJC_ARC = YES;
				CLANG_ENABLE_OBJC_WEAK = YES;
				CLANG_WARN_BLOCK_CAPTURE_AUTORELEASING = YES;
				CLANG_WARN_BOOL_CONVERSION = YES;
				CLANG_WARN_COMMA = YES;
				CLANG_WARN_CONSTANT_CONVERSION = YES;
				CLANG_WARN_DEPRECATED_OBJC_IMPLEMENTATIONS = YES;
				CLANG_WARN_DIRECT_OBJC_ISA_USAGE = YES_ERROR;
				CLANG_WARN_DOCUMENTATION_COMMENTS = YES;
				CLANG_WARN_EMPTY_BODY = YES;
				CLANG_WARN_ENUM_CONVERSION = YES;
				CLANG_WARN_INFINITE_RECURSION = YES;
				CLANG_WARN_INT_CONVERSION = YES;
				CLANG_WARN_NON_LITERAL_NULL_CONVERSION = YES;
				CLANG_WARN_OBJC_IMPLICIT_RETAIN_SELF = YES;
				CLANG_WARN_OBJC_LITERAL_CONVERSION = YES;
				CLANG_WARN_OBJC_ROOT_CLASS = YES_ERROR;
				CLANG_WARN_QUOTED_INCLUDE_IN_FRAMEWORK_HEADER = YES;
				CLANG_WARN_RANGE_LOOP_ANALYSIS = YES;
				CLANG_WARN_STRICT_PROTOTYPES = YES;
				CLANG_WARN_SUSPICIOUS_MOVE = YES;
				CLANG_WARN_UNGUARDED_AVAILABILITY = YES_AGGRESSIVE;
				CLANG_WARN_UNREACHABLE_CODE = YES;
				CLANG_WARN__DUPLICATE_METHOD_MATCH = YES;
				COPY_PHASE_STRIP = NO;
				DEBUG_INFORMATION_FORMAT = "dwarf-with-dsym";
				ENABLE_NS_ASSERTIONS = NO;
				ENABLE_STRICT_OBJC_MSGSEND = YES;
				ENABLE_USER_SCRIPT_SANDBOXING = YES;
				GCC_C_LANGUAGE_STANDARD = gnu17;
				GCC_NO_COMMON_BLOCKS = YES;
				GCC_WARN_64_TO_32_BIT_CONVERSION = YES;
				GCC_WARN_ABOUT_RETURN_TYPE = YES_ERROR;
				GCC_WARN_UNDECLARED_SELECTOR = YES;
				GCC_WARN_UNINITIALIZED_AUTOS = YES_AGGRESSIVE;
				GCC_WARN_UNUSED_FUNCTION = YES;
				GCC_WARN_UNUSED_VARIABLE = YES;
				IPHONEOS_DEPLOYMENT_TARGET = 18.4;
				LOCALIZATION_PREFERS_STRING_CATALOGS = YES;
				MTL_ENABLE_DEBUG_INFO = NO;
				MTL_FAST_MATH = YES;
				SDKROOT = iphoneos;
				SWIFT_COMPILATION_MODE = wholemodule;
				VALIDATE_PRODUCT = YES;
			};
			name = Release;
		};
		D589F1F02DBEDB8000FF5162 /* Debug */ = {
			isa = XCBuildConfiguration;
			buildSettings = {
				ASSETCATALOG_COMPILER_APPICON_NAME = AppIcon;
				ASSETCATALOG_COMPILER_GLOBAL_ACCENT_COLOR_NAME = AccentColor;
				CODE_SIGN_STYLE = Automatic;
				CURRENT_PROJECT_VERSION = 1;
				ENABLE_PREVIEWS = YES;
				GENERATE_INFOPLIST_FILE = YES;
				INFOPLIST_KEY_UIApplicationSceneManifest_Generation = YES;
				INFOPLIST_KEY_UIApplicationSupportsIndirectInputEvents = YES;
				INFOPLIST_KEY_UILaunchScreen_Generation = YES;
				INFOPLIST_KEY_UISupportedInterfaceOrientations_iPad = "UIInterfaceOrientationPortrait UIInterfaceOrientationPortraitUpsideDown UIInterfaceOrientationLandscapeLeft UIInterfaceOrientationLandscapeRight";
				INFOPLIST_KEY_UISupportedInterfaceOrientations_iPhone = "UIInterfaceOrientationPortrait UIInterfaceOrientationLandscapeLeft UIInterfaceOrientationLandscapeRight";
				LD_RUNPATH_SEARCH_PATHS = (
					"$(inherited)",
					"@executable_path/Frameworks",
				);
				MARKETING_VERSION = 1.0;
				PRODUCT_BUNDLE_IDENTIFIER = KWK.Lesson14Output;
				PRODUCT_NAME = "$(TARGET_NAME)";
				SWIFT_EMIT_LOC_STRINGS = YES;
				SWIFT_VERSION = 5.0;
				TARGETED_DEVICE_FAMILY = "1,2";
			};
			name = Debug;
		};
		D589F1F12DBEDB8000FF5162 /* Release */ = {
			isa = XCBuildConfiguration;
			buildSettings = {
				ASSETCATALOG_COMPILER_APPICON_NAME = AppIcon;
				ASSETCATALOG_COMPILER_GLOBAL_ACCENT_COLOR_NAME = AccentColor;
				CODE_SIGN_STYLE = Automatic;
				CURRENT_PROJECT_VERSION = 1;
				ENABLE_PREVIEWS = YES;
				GENERATE_INFOPLIST_FILE = YES;
				INFOPLIST_KEY_UIApplicationSceneManifest_Generation = YES;
				INFOPLIST_KEY_UIApplicationSupportsIndirectInputEvents = YES;
				INFOPLIST_KEY_UILaunchScreen_Generation = YES;
				INFOPLIST_KEY_UISupportedInterfaceOrientations_iPad = "UIInterfaceOrientationPortrait UIInterfaceOrientationPortraitUpsideDown UIInterfaceOrientationLandscapeLeft UIInterfaceOrientationLandscapeRight";
				INFOPLIST_KEY_UISupportedInterfaceOrientations_iPhone = "UIInterfaceOrientationPortrait UIInterfaceOrientationLandscapeLeft UIInterfaceOrientationLandscapeRight";
				LD_RUNPATH_SEARCH_PATHS = (
					"$(inherited)",
					"@executable_path/Frameworks",
				);
				MARKETING_VERSION = 1.0;
				PRODUCT_BUNDLE_IDENTIFIER = KWK.Lesson14Output;
				PRODUCT_NAME = "$(TARGET_NAME)";
				SWIFT_EMIT_LOC_STRINGS = YES;
				SWIFT_VERSION = 5.0;
				TARGETED_DEVICE_FAMILY = "1,2";
			};
			name = Release;
		};
		D589F1F32DBEDB8000FF5162 /* Debug */ = {
			isa = XCBuildConfiguration;
			buildSettings = {
				BUNDLE_LOADER = "$(TEST_HOST)";
				CODE_SIGN_STYLE = Automatic;
				CURRENT_PROJECT_VERSION = 1;
				GENERATE_INFOPLIST_FILE = YES;
				IPHONEOS_DEPLOYMENT_TARGET = 18.4;
				MARKETING_VERSION = 1.0;
				PRODUCT_BUNDLE_IDENTIFIER = KWK.Lesson14OutputTests;
				PRODUCT_NAME = "$(TARGET_NAME)";
				SWIFT_EMIT_LOC_STRINGS = NO;
				SWIFT_VERSION = 5.0;
				TARGETED_DEVICE_FAMILY = "1,2";
				TEST_HOST = "$(BUILT_PRODUCTS_DIR)/Lesson14Output.app/$(BUNDLE_EXECUTABLE_FOLDER_PATH)/Lesson14Output";
			};
			name = Debug;
		};
		D589F1F42DBEDB8000FF5162 /* Release */ = {
			isa = XCBuildConfiguration;
			buildSettings = {
				BUNDLE_LOADER = "$(TEST_HOST)";
				CODE_SIGN_STYLE = Automatic;
				CURRENT_PROJECT_VERSION = 1;
				GENERATE_INFOPLIST_FILE = YES;
				IPHONEOS_DEPLOYMENT_TARGET = 18.4;
				MARKETING_VERSION = 1.0;
				PRODUCT_BUNDLE_IDENTIFIER = KWK.Lesson14OutputTests;
				PRODUCT_NAME = "$(TARGET_NAME)";
				SWIFT_EMIT_LOC_STRINGS = NO;
				SWIFT_VERSION = 5.0;
				TARGETED_DEVICE_FAMILY = "1,2";
				TEST_HOST = "$(BUILT_PRODUCTS_DIR)/Lesson14Output.app/$(BUNDLE_EXECUTABLE_FOLDER_PATH)/Lesson14Output";
			};
			name = Release;
		};
		D589F1F62DBEDB8000FF5162 /* Debug */ = {
			isa = XCBuildConfiguration;
			buildSettings = {
				CODE_SIGN_STYLE = Automatic;
				CURRENT_PROJECT_VERSION = 1;
				GENERATE_INFOPLIST_FILE = YES;
				MARKETING_VERSION = 1.0;
				PRODUCT_BUNDLE_IDENTIFIER = KWK.Lesson14OutputUITests;
				PRODUCT_NAME = "$(TARGET_NAME)";
				SWIFT_EMIT_LOC_STRINGS = NO;
				SWIFT_VERSION = 5.0;
				TARGETED_DEVICE_FAMILY = "1,2";
				TEST_TARGET_NAME = Lesson14Output;
			};
			name = Debug;
		};
		D589F1F72DBEDB8000FF5162 /* Release */ = {
			isa = XCBuildConfiguration;
			buildSettings = {
				CODE_SIGN_STYLE = Automatic;
				CURRENT_PROJECT_VERSION = 1;
				GENERATE_INFOPLIST_FILE = YES;
				MARKETING_VERSION = 1.0;
				PRODUCT_BUNDLE_IDENTIFIER = KWK.Lesson14OutputUITests;
				PRODUCT_NAME = "$(TARGET_NAME)";
				SWIFT_EMIT_LOC_STRINGS = NO;
				SWIFT_VERSION = 5.0;
				TARGETED_DEVICE_FAMILY = "1,2";
				TEST_TARGET_NAME = Lesson14Output;
			};
			name = Release;
		};
/* End XCBuildConfiguration section */

/* Begin XCConfigurationList section */
		D589F1C92DBEDB7C00FF5162 /* Build configuration list for PBXProject "Lesson14Output" */ = {
			isa = XCConfigurationList;
			buildConfigurations = (
				D589F1ED2DBEDB8000FF5162 /* Debug */,
				D589F1EE2DBEDB8000FF5162 /* Release */,
			);
			defaultConfigurationIsVisible = 0;
			defaultConfigurationName = Release;
		};
		D589F1EF2DBEDB8000FF5162 /* Build configuration list for PBXNativeTarget "Lesson14Output" */ = {
			isa = XCConfigurationList;
			buildConfigurations = (
				D589F1F02DBEDB8000FF5162 /* Debug */,
				D589F1F12DBEDB8000FF5162 /* Release */,
			);
			defaultConfigurationIsVisible = 0;
			defaultConfigurationName = Release;
		};
		D589F1F22DBEDB8000FF5162 /* Build configuration list for PBXNativeTarget "Lesson14OutputTests" */ = {
			isa = XCConfigurationList;
			buildConfigurations = (
				D589F1F32DBEDB8000FF5162 /* Debug */,
				D589F1F42DBEDB8000FF5162 /* Release */,
			);
			defaultConfigurationIsVisible = 0;
			defaultConfigurationName = Release;
		};
		D589F1F52DBEDB8000FF5162 /* Build configuration list for PBXNativeTarget "Lesson14OutputUITests" */ = {
			isa = XCConfigurationList;
			buildConfigurations = (
				D589F1F62DBEDB8000FF5162 /* Debug */,
				D589F1F72DBEDB8000FF5162 /* Release */,
			);
			defaultConfigurationIsVisible = 0;
			defaultConfigurationName = Release;
		};
/* End XCConfigurationList section */
	};
	rootObject = D589F1C62DBEDB7C00FF5162 /* Project object */;
}
